schema: '2.0'
stages:
  prepare:
    cmd: python scripts/prepare.py data/raw/work_absenteeism_modified.csv
    deps:
    - path: data/raw/work_absenteeism_modified.csv
      hash: md5
      md5: 96c318341d1846f567be7127f52d03e1
      size: 79517
    - path: scripts/prepare.py
      hash: md5
      md5: 148191b38837f9722c83fb644ea83b7a
      size: 5000
    params:
      params.yaml:
        prepare.seed: 20170428
        prepare.split: 0.2
    outs:
    - path: data/prepared
      hash: md5
      md5: 825439482986e995a3106f7377627687.dir
      size: 49471
      nfiles: 2
  featurize:
    cmd: python scripts/featurization.py data/prepared data/features
    deps:
    - path: data/prepared
      hash: md5
      md5: 825439482986e995a3106f7377627687.dir
      size: 49471
      nfiles: 2
    - path: scripts/featurization.py
      hash: md5
      md5: e52499427c0c8043617d45d696eb5ee3
      size: 3163
    outs:
    - path: data/features
      hash: md5
      md5: 96c297c6248d1e3365ce4055663ff638.dir
      size: 92067
      nfiles: 2
  train:
    cmd: python scripts/train.py data/features models
    deps:
    - path: data/features
      hash: md5
      md5: 96c297c6248d1e3365ce4055663ff638.dir
      size: 92067
      nfiles: 2
    - path: scripts/train.py
      hash: md5
      md5: d31381845395e83abb1bea06f832a621
      size: 2024
    params:
      params.yaml:
        train.seed: 20170428
    outs:
    - path: models/linear_model.pkl
      hash: md5
      md5: 9321b9af7b0c5d57fc3744030f332345
      size: 1339
