schema: '2.0'
stages:
  prepare:
    cmd: python scripts/prepare.py data/raw/work_absenteeism_modified.csv
    deps:
    - path: data/raw/work_absenteeism_modified.csv
      hash: md5
      md5: 96c318341d1846f567be7127f52d03e1
      size: 79517
    - path: scripts/prepare.py
      hash: md5
      md5: 148191b38837f9722c83fb644ea83b7a
      size: 5000
    params:
      params.yaml:
        prepare.seed: 20170428
        prepare.split: 0.2
    outs:
    - path: data/prepared
      hash: md5
      md5: 825439482986e995a3106f7377627687.dir
      size: 49471
      nfiles: 2
  featurize:
    cmd: python scripts/featurization.py data/prepared data/features
    deps:
    - path: data/prepared
      hash: md5
      md5: 825439482986e995a3106f7377627687.dir
      size: 49471
      nfiles: 2
    - path: scripts/featurization.py
      hash: md5
      md5: d621501f24450eca70b581ee1bdd8633
      size: 3087
    outs:
    - path: data/features
      hash: md5
      md5: ab896340d60ff6d7e1ba3c09ac5583a4.dir
      size: 39957
      nfiles: 2
  train:
    cmd: python scripts/train.py data/features models
    deps:
    - path: data/features
      hash: md5
      md5: ab896340d60ff6d7e1ba3c09ac5583a4.dir
      size: 39957
      nfiles: 2
    - path: scripts/train.py
      hash: md5
      md5: 32f6f96811a243de7e79d65cf5dd65c1
      size: 2475
    params:
      params.yaml:
        train.seed: 20170428
    outs:
    - path: models/linear_model.pkl
      hash: md5
      md5: aff39beba20378629a539b1b30c7e1d6
      size: 111319
